
Microsoft Visual Studio Solution File, Format Version 12.00
# Visual Studio Version 17
VisualStudioVersion = 17.1.32228.430
MinimumVisualStudioVersion = 10.0.40219.1
Project("{9A19103F-16F7-4668-BE54-9A1E7A4F7556}") = "CodingTest", "CodingTest.csproj", "{2018F951-1AAA-403E-9B03-FD144045A6E6}"
EndProject
Global
	GlobalSection(SolutionConfigurationPlatforms) = preSolution
		Debug|Any CPU = Debug|Any CPU
		Release|Any CPU = Release|Any CPU
	EndGlobalSection
	GlobalSection(ProjectConfigurationPlatforms) = postSolution
		{2018F951-1AAA-403E-9B03-FD144045A6E6}.Debug|Any CPU.ActiveCfg = Debug|Any CPU
		{2018F951-1AAA-403E-9B03-FD144045A6E6}.Debug|Any CPU.Build.0 = Debug|Any CPU
		{2018F951-1AAA-403E-9B03-FD144045A6E6}.Release|Any CPU.ActiveCfg = Release|Any CPU
		{2018F951-1AAA-403E-9B03-FD144045A6E6}.Release|Any CPU.Build.0 = Release|Any CPU
	EndGlobalSection
	GlobalSection(SolutionProperties) = preSolution
		HideSolutionNode = FALSE
	EndGlobalSection
	GlobalSection(ExtensibilityGlobals) = postSolution
		SolutionGuid = {C8C5D1DA-D9E1-4FE5-BE5C-7C73A5AB96E6}
	EndGlobalSection
EndGlobal
